
Microsoft Visual Studio Solution File, Format Version 12.00
# Visual Studio Version 16
VisualStudioVersion = 16.0.31424.327
MinimumVisualStudioVersion = 10.0.40219.1
Project("{FAE04EC0-301F-11D3-BF4B-00C04F79EFBC}") = "BlazorWebApp.Server", "BlazorWebApp\Server\BlazorWebApp.Server.csproj", "{82A3AE0C-0306-4480-9E1C-AF67EC5ABEA7}"
EndProject
Project("{FAE04EC0-301F-11D3-BF4B-00C04F79EFBC}") = "BlazorWebApp.Client", "BlazorWebApp\Client\BlazorWebApp.Client.csproj", "{BA0D8EBA-A960-4000-9B21-04E7C90CD7F0}"
EndProject
Project("{FAE04EC0-301F-11D3-BF4B-00C04F79EFBC}") = "BlazorWebApp.Shared", "BlazorWebApp\Shared\BlazorWebApp.Shared.csproj", "{D8268565-E754-457B-B882-A0F203B5A6A6}"
EndProject
Global
	GlobalSection(SolutionConfigurationPlatforms) = preSolution
		Debug|Any CPU = Debug|Any CPU
		Release|Any CPU = Release|Any CPU
	EndGlobalSection
	GlobalSection(ProjectConfigurationPlatforms) = postSolution
		{82A3AE0C-0306-4480-9E1C-AF67EC5ABEA7}.Debug|Any CPU.ActiveCfg = Debug|Any CPU
		{82A3AE0C-0306-4480-9E1C-AF67EC5ABEA7}.Debug|Any CPU.Build.0 = Debug|Any CPU
		{82A3AE0C-0306-4480-9E1C-AF67EC5ABEA7}.Release|Any CPU.ActiveCfg = Release|Any CPU
		{82A3AE0C-0306-4480-9E1C-AF67EC5ABEA7}.Release|Any CPU.Build.0 = Release|Any CPU
		{BA0D8EBA-A960-4000-9B21-04E7C90CD7F0}.Debug|Any CPU.ActiveCfg = Debug|Any CPU
		{BA0D8EBA-A960-4000-9B21-04E7C90CD7F0}.Debug|Any CPU.Build.0 = Debug|Any CPU
		{BA0D8EBA-A960-4000-9B21-04E7C90CD7F0}.Release|Any CPU.ActiveCfg = Release|Any CPU
		{BA0D8EBA-A960-4000-9B21-04E7C90CD7F0}.Release|Any CPU.Build.0 = Release|Any CPU
		{D8268565-E754-457B-B882-A0F203B5A6A6}.Debug|Any CPU.ActiveCfg = Debug|Any CPU
		{D8268565-E754-457B-B882-A0F203B5A6A6}.Debug|Any CPU.Build.0 = Debug|Any CPU
		{D8268565-E754-457B-B882-A0F203B5A6A6}.Release|Any CPU.ActiveCfg = Release|Any CPU
		{D8268565-E754-457B-B882-A0F203B5A6A6}.Release|Any CPU.Build.0 = Release|Any CPU
	EndGlobalSection
	GlobalSection(SolutionProperties) = preSolution
		HideSolutionNode = FALSE
	EndGlobalSection
	GlobalSection(ExtensibilityGlobals) = postSolution
		SolutionGuid = {8D74D795-A9AC-4C7F-934E-D1A701806B50}
	EndGlobalSection
EndGlobal
